
Microsoft Visual Studio Solution File, Format Version 12.00
# Visual Studio Version 17
VisualStudioVersion = 17.9.34728.123
MinimumVisualStudioVersion = 10.0.40219.1
Project("{FAE04EC0-301F-11D3-BF4B-00C04F79EFBC}") = "ConsoleSocialWork", "ConsoleSocialWork.csproj", "{0EB62533-0088-4455-8234-E21094519D28}"
EndProject
Global
	GlobalSection(SolutionConfigurationPlatforms) = preSolution
		Debug|Any CPU = Debug|Any CPU
		Release|Any CPU = Release|Any CPU
	EndGlobalSection
	GlobalSection(ProjectConfigurationPlatforms) = postSolution
		{0EB62533-0088-4455-8234-E21094519D28}.Debug|Any CPU.ActiveCfg = Debug|Any CPU
		{0EB62533-0088-4455-8234-E21094519D28}.Debug|Any CPU.Build.0 = Debug|Any CPU
		{0EB62533-0088-4455-8234-E21094519D28}.Release|Any CPU.ActiveCfg = Release|Any CPU
		{0EB62533-0088-4455-8234-E21094519D28}.Release|Any CPU.Build.0 = Release|Any CPU
	EndGlobalSection
	GlobalSection(SolutionProperties) = preSolution
		HideSolutionNode = FALSE
	EndGlobalSection
	GlobalSection(ExtensibilityGlobals) = postSolution
		SolutionGuid = {48A3B231-A0B6-4468-8C65-FC542C74B0AF}
	EndGlobalSection
EndGlobal
